
Microsoft Visual Studio Solution File, Format Version 12.00
# Visual Studio Version 16
VisualStudioVersion = 16.0.31205.134
MinimumVisualStudioVersion = 10.0.40219.1
Project("{FAE04EC0-301F-11D3-BF4B-00C04F79EFBC}") = "Number format task", "Number format task.csproj", "{A2E61C4E-9AEC-4C62-8305-209BD625ABBC}"
EndProject
Global
	GlobalSection(SolutionConfigurationPlatforms) = preSolution
		Debug|Any CPU = Debug|Any CPU
		Release|Any CPU = Release|Any CPU
	EndGlobalSection
	GlobalSection(ProjectConfigurationPlatforms) = postSolution
		{A2E61C4E-9AEC-4C62-8305-209BD625ABBC}.Debug|Any CPU.ActiveCfg = Debug|Any CPU
		{A2E61C4E-9AEC-4C62-8305-209BD625ABBC}.Debug|Any CPU.Build.0 = Debug|Any CPU
		{A2E61C4E-9AEC-4C62-8305-209BD625ABBC}.Release|Any CPU.ActiveCfg = Release|Any CPU
		{A2E61C4E-9AEC-4C62-8305-209BD625ABBC}.Release|Any CPU.Build.0 = Release|Any CPU
	EndGlobalSection
	GlobalSection(SolutionProperties) = preSolution
		HideSolutionNode = FALSE
	EndGlobalSection
	GlobalSection(ExtensibilityGlobals) = postSolution
		SolutionGuid = {7EBAFBCD-8CF9-480A-9D26-2E3C8DACF097}
	EndGlobalSection
EndGlobal
