
Microsoft Visual Studio Solution File, Format Version 12.00
# Visual Studio Version 16
VisualStudioVersion = 16.0.31205.134
MinimumVisualStudioVersion = 10.0.40219.1
Project("{FAE04EC0-301F-11D3-BF4B-00C04F79EFBC}") = "Operations, Priority", "Operations, Priority.csproj", "{D9D67CC4-0E9A-4236-9799-E3430018FA60}"
EndProject
Global
	GlobalSection(SolutionConfigurationPlatforms) = preSolution
		Debug|Any CPU = Debug|Any CPU
		Release|Any CPU = Release|Any CPU
	EndGlobalSection
	GlobalSection(ProjectConfigurationPlatforms) = postSolution
		{D9D67CC4-0E9A-4236-9799-E3430018FA60}.Debug|Any CPU.ActiveCfg = Debug|Any CPU
		{D9D67CC4-0E9A-4236-9799-E3430018FA60}.Debug|Any CPU.Build.0 = Debug|Any CPU
		{D9D67CC4-0E9A-4236-9799-E3430018FA60}.Release|Any CPU.ActiveCfg = Release|Any CPU
		{D9D67CC4-0E9A-4236-9799-E3430018FA60}.Release|Any CPU.Build.0 = Release|Any CPU
	EndGlobalSection
	GlobalSection(SolutionProperties) = preSolution
		HideSolutionNode = FALSE
	EndGlobalSection
	GlobalSection(ExtensibilityGlobals) = postSolution
		SolutionGuid = {76038FBB-020A-4CD8-A1F1-3ECC13DB4E63}
	EndGlobalSection
EndGlobal
